
Microsoft Visual Studio Solution File, Format Version 12.00
# Visual Studio Version 17
VisualStudioVersion = 17.10.35027.167
MinimumVisualStudioVersion = 10.0.40219.1
Project("{FAE04EC0-301F-11D3-BF4B-00C04F79EFBC}") = "GymLifts", "GymLifts.csproj", "{91F22A9A-94C5-4F22-A6C5-63F00CE6197B}"
EndProject
Global
	GlobalSection(SolutionConfigurationPlatforms) = preSolution
		Debug|Any CPU = Debug|Any CPU
		Release|Any CPU = Release|Any CPU
	EndGlobalSection
	GlobalSection(ProjectConfigurationPlatforms) = postSolution
		{91F22A9A-94C5-4F22-A6C5-63F00CE6197B}.Debug|Any CPU.ActiveCfg = Debug|Any CPU
		{91F22A9A-94C5-4F22-A6C5-63F00CE6197B}.Debug|Any CPU.Build.0 = Debug|Any CPU
		{91F22A9A-94C5-4F22-A6C5-63F00CE6197B}.Debug|Any CPU.Deploy.0 = Debug|Any CPU
		{91F22A9A-94C5-4F22-A6C5-63F00CE6197B}.Release|Any CPU.ActiveCfg = Release|Any CPU
		{91F22A9A-94C5-4F22-A6C5-63F00CE6197B}.Release|Any CPU.Build.0 = Release|Any CPU
		{91F22A9A-94C5-4F22-A6C5-63F00CE6197B}.Release|Any CPU.Deploy.0 = Release|Any CPU
	EndGlobalSection
	GlobalSection(SolutionProperties) = preSolution
		HideSolutionNode = FALSE
	EndGlobalSection
	GlobalSection(ExtensibilityGlobals) = postSolution
		SolutionGuid = {1DCA80DC-1816-4687-B7FC-19F4179FE56A}
	EndGlobalSection
EndGlobal
